github.com/codingeasygo/gvisor v0.0.0-20231130102452-155e41312091 h1:srPhjsp0ahO9su0Ll7xoI8yV7rgRS/QQJPrUsVlxNeQ=
github.com/codingeasygo/gvisor v0.0.0-20231130102452-155e41312091/go.mod h1:10sU+Uh5KKNv1+2x2A0Gvzt8FjD3ASIhorV3YsauXhk=
github.com/codingeasygo/util v0.0.0-20231111050333-a0cfbf0935e9 h1:2z7ufLQW7jaI9k+5wePCjru1FJidGnZtmCD6jCtkVXo=
github.com/codingeasygo/util v0.0.0-20231111050333-a0cfbf0935e9/go.mod h1:CE705pc3Xn2F3nqMKhvfaigeXeDudpdteTzbf+2jwig=
github.com/google/btree v1.1.2 h1:xf4v41cLI2Z6FxbKm+8Bu+m8ifhj15JuZ9sa0jZCMUU=
github.com/google/btree v1.1.2/go.mod h1:qOPhT0dTNdNzV6Z/lhRX0YXUafgPLFUh+gZMl761Gm4=
golang.org/x/net v0.19.0 h1:zTwKpTd2XuCqf8huc7Fo2iSy+4RHPd10s4KzeTnVr1c=
golang.org/x/net v0.19.0/go.mod h1:CfAk/cbD4CthTvqiEl8NpboMuiuOYsAr/7NOjZJtv1U=
golang.org/x/sys v0.15.0 h1:h48lPFYpsTvQJZF4EKyI4aLHaev3CxivZmv7yZig9pc=
golang.org/x/sys v0.15.0/go.mod h1:/VUhepiaJMQUp4+oa/7Zr1D23ma6VTLIYjOOTFZPUcA=
golang.org/x/time v0.3.0 h1:rg5rLMjNzMS1RkNLzCG38eapWhnYLFYXDXj2gOlr8j4=
golang.org/x/time v0.3.0/go.mod h1:tRJNPiyCQ0inRvYxbN9jk5I+vvW/OXSQhTDSoE431IQ=
